
Microsoft Visual Studio Solution File, Format Version 12.00
# Visual Studio 15
VisualStudioVersion = 15.0.26430.4
MinimumVisualStudioVersion = 10.0.40219.1
Project("{FAE04EC0-301F-11D3-BF4B-00C04F79EFBC}") = "noid.browser", "source\noid.browser\noid.browser.csproj", "{C043FFF7-5F71-4FFC-989A-E09E18548589}"
EndProject
Project("{FAE04EC0-301F-11D3-BF4B-00C04F79EFBC}") = "noid.fhir.profile", "source\noid.fhir.profile\noid.fhir.profile.csproj", "{8AF257D1-3BD7-4709-B5BA-B42BD07A45FB}"
EndProject
Project("{FAE04EC0-301F-11D3-BF4B-00C04F79EFBC}") = "noid.demographic.hasher", "source\noid.demographic.hasher\noid.demographic.hasher.csproj", "{BEEF4D63-EFC2-4134-976C-98ED93188E43}"
EndProject
Project("{FAE04EC0-301F-11D3-BF4B-00C04F79EFBC}") = "noid.demographic.hasher.tester", "source\tests\hash.tester\noid.demographic.hasher.tester.csproj", "{112EA354-BEDE-4EA2-9F98-5A460B9E2706}"
EndProject
Project("{FAE04EC0-301F-11D3-BF4B-00C04F79EFBC}") = "biometrics.fingerprint.database.client", "source\biometrics.fingerprint.database.client\biometrics.fingerprint.database.client.csproj", "{614EE79C-13DB-4E8E-BF49-C8EFBD836CB0}"
EndProject
Project("{FAE04EC0-301F-11D3-BF4B-00C04F79EFBC}") = "biometrics.fingerprint.match.lib", "source\biometrics.fingerprint.match.lib\biometrics.fingerprint.match.lib.csproj", "{0F1D6FCB-F813-4E2F-9D6C-DE4BD7866233}"
EndProject
Project("{FAE04EC0-301F-11D3-BF4B-00C04F79EFBC}") = "biometrics.devices", "source\biometrics.fingerprint.devices\biometrics.devices.csproj", "{CA817C90-AFB0-4B29-884C-609C239E1D32}"
EndProject
Project("{FAE04EC0-301F-11D3-BF4B-00C04F79EFBC}") = "biometric.match.database.engine", "source\biometric.match.database.engine\biometric.match.database.engine.csproj", "{02AA541D-3A2F-4A6A-B85C-86E2066D9CF6}"
EndProject
Project("{FAE04EC0-301F-11D3-BF4B-00C04F79EFBC}") = "noid.security", "source\noid.security\noid.security.csproj", "{C3B41330-4DD4-4872-95A5-F562E50B244F}"
EndProject
Project("{FAE04EC0-301F-11D3-BF4B-00C04F79EFBC}") = "noid.network.client", "source\noid.network.client\noid.network.client.csproj", "{D15A8917-30F2-4DD2-ABCB-81E04D126B31}"
EndProject
Project("{FAE04EC0-301F-11D3-BF4B-00C04F79EFBC}") = "noid.network.services", "source\noid.network.services\noid.network.services.csproj", "{027C73CB-D409-4892-81CB-BA72ECB3CF49}"
EndProject
Project("{FAE04EC0-301F-11D3-BF4B-00C04F79EFBC}") = "noid.network.client.test", "source\noid.network.client.test\noid.network.client.test.csproj", "{C6C8CA9B-721F-4B0D-8E42-637BC0AC3DFF}"
EndProject
Project("{FAE04EC0-301F-11D3-BF4B-00C04F79EFBC}") = "noid.utilities", "source\noid.utilities\noid.utilities.csproj", "{C0C23C18-5406-4415-8DEF-3D11EB6A5FCE}"
EndProject
Project("{FAE04EC0-301F-11D3-BF4B-00C04F79EFBC}") = "noid.network.transport", "source\noid.network.transport\noid.network.transport.csproj", "{493CFF19-4364-4E36-9D75-ADC607D10C9A}"
EndProject
Project("{FAE04EC0-301F-11D3-BF4B-00C04F79EFBC}") = "biometric.match.test", "source\biometric.match.test\biometric.match.test.csproj", "{3E2F17D7-AF13-472D-BDE4-8433B0C86DD7}"
EndProject
Project("{FAE04EC0-301F-11D3-BF4B-00C04F79EFBC}") = "biometric.match.test.ui", "source\biometric.match.test.ui\biometric.match.test.ui.csproj", "{7A214B7E-A826-4ADB-B14D-3E0B11B38101}"
EndProject
Project("{FAE04EC0-301F-11D3-BF4B-00C04F79EFBC}") = "noid.fhir.profile.hasher", "source\noid.fhir.profile.hasher\noid.fhir.profile.hasher.csproj", "{CEF4839E-4C50-41F5-9799-7B0D62A4502A}"
EndProject
Project("{FAE04EC0-301F-11D3-BF4B-00C04F79EFBC}") = "noid.database.mongodb", "source\noid.database.mongodb\noid.database.mongodb.csproj", "{561ABBE8-E26C-4895-AB77-2DBA3C90E377}"
EndProject
Global
	GlobalSection(SolutionConfigurationPlatforms) = preSolution
		Debug|Any CPU = Debug|Any CPU
		Debug|x64 = Debug|x64
		Debug|x86 = Debug|x86
		Release|Any CPU = Release|Any CPU
		Release|x64 = Release|x64
		Release|x86 = Release|x86
	EndGlobalSection
	GlobalSection(ProjectConfigurationPlatforms) = postSolution
		{C043FFF7-5F71-4FFC-989A-E09E18548589}.Debug|Any CPU.ActiveCfg = Debug|x86
		{C043FFF7-5F71-4FFC-989A-E09E18548589}.Debug|x64.ActiveCfg = Debug|x64
		{C043FFF7-5F71-4FFC-989A-E09E18548589}.Debug|x64.Build.0 = Debug|x64
		{C043FFF7-5F71-4FFC-989A-E09E18548589}.Debug|x86.ActiveCfg = Debug|x86
		{C043FFF7-5F71-4FFC-989A-E09E18548589}.Debug|x86.Build.0 = Debug|x86
		{C043FFF7-5F71-4FFC-989A-E09E18548589}.Release|Any CPU.ActiveCfg = Release|x64
		{C043FFF7-5F71-4FFC-989A-E09E18548589}.Release|x64.ActiveCfg = Release|x64
		{C043FFF7-5F71-4FFC-989A-E09E18548589}.Release|x64.Build.0 = Release|x64
		{C043FFF7-5F71-4FFC-989A-E09E18548589}.Release|x86.ActiveCfg = Release|x86
		{C043FFF7-5F71-4FFC-989A-E09E18548589}.Release|x86.Build.0 = Release|x86
		{8AF257D1-3BD7-4709-B5BA-B42BD07A45FB}.Debug|Any CPU.ActiveCfg = Debug|Any CPU
		{8AF257D1-3BD7-4709-B5BA-B42BD07A45FB}.Debug|Any CPU.Build.0 = Debug|Any CPU
		{8AF257D1-3BD7-4709-B5BA-B42BD07A45FB}.Debug|x64.ActiveCfg = Debug|Any CPU
		{8AF257D1-3BD7-4709-B5BA-B42BD07A45FB}.Debug|x64.Build.0 = Debug|Any CPU
		{8AF257D1-3BD7-4709-B5BA-B42BD07A45FB}.Debug|x86.ActiveCfg = Debug|Any CPU
		{8AF257D1-3BD7-4709-B5BA-B42BD07A45FB}.Debug|x86.Build.0 = Debug|Any CPU
		{8AF257D1-3BD7-4709-B5BA-B42BD07A45FB}.Release|Any CPU.ActiveCfg = Release|Any CPU
		{8AF257D1-3BD7-4709-B5BA-B42BD07A45FB}.Release|Any CPU.Build.0 = Release|Any CPU
		{8AF257D1-3BD7-4709-B5BA-B42BD07A45FB}.Release|x64.ActiveCfg = Release|Any CPU
		{8AF257D1-3BD7-4709-B5BA-B42BD07A45FB}.Release|x64.Build.0 = Release|Any CPU
		{8AF257D1-3BD7-4709-B5BA-B42BD07A45FB}.Release|x86.ActiveCfg = Release|Any CPU
		{8AF257D1-3BD7-4709-B5BA-B42BD07A45FB}.Release|x86.Build.0 = Release|Any CPU
		{BEEF4D63-EFC2-4134-976C-98ED93188E43}.Debug|Any CPU.ActiveCfg = Debug|Any CPU
		{BEEF4D63-EFC2-4134-976C-98ED93188E43}.Debug|Any CPU.Build.0 = Debug|Any CPU
		{BEEF4D63-EFC2-4134-976C-98ED93188E43}.Debug|x64.ActiveCfg = Debug|Any CPU
		{BEEF4D63-EFC2-4134-976C-98ED93188E43}.Debug|x64.Build.0 = Debug|Any CPU
		{BEEF4D63-EFC2-4134-976C-98ED93188E43}.Debug|x86.ActiveCfg = Debug|Any CPU
		{BEEF4D63-EFC2-4134-976C-98ED93188E43}.Debug|x86.Build.0 = Debug|Any CPU
		{BEEF4D63-EFC2-4134-976C-98ED93188E43}.Release|Any CPU.ActiveCfg = Release|Any CPU
		{BEEF4D63-EFC2-4134-976C-98ED93188E43}.Release|Any CPU.Build.0 = Release|Any CPU
		{BEEF4D63-EFC2-4134-976C-98ED93188E43}.Release|x64.ActiveCfg = Release|Any CPU
		{BEEF4D63-EFC2-4134-976C-98ED93188E43}.Release|x64.Build.0 = Release|Any CPU
		{BEEF4D63-EFC2-4134-976C-98ED93188E43}.Release|x86.ActiveCfg = Release|Any CPU
		{BEEF4D63-EFC2-4134-976C-98ED93188E43}.Release|x86.Build.0 = Release|Any CPU
		{112EA354-BEDE-4EA2-9F98-5A460B9E2706}.Debug|Any CPU.ActiveCfg = Debug|Any CPU
		{112EA354-BEDE-4EA2-9F98-5A460B9E2706}.Debug|Any CPU.Build.0 = Debug|Any CPU
		{112EA354-BEDE-4EA2-9F98-5A460B9E2706}.Debug|x64.ActiveCfg = Debug|Any CPU
		{112EA354-BEDE-4EA2-9F98-5A460B9E2706}.Debug|x64.Build.0 = Debug|Any CPU
		{112EA354-BEDE-4EA2-9F98-5A460B9E2706}.Debug|x86.ActiveCfg = Debug|Any CPU
		{112EA354-BEDE-4EA2-9F98-5A460B9E2706}.Debug|x86.Build.0 = Debug|Any CPU
		{112EA354-BEDE-4EA2-9F98-5A460B9E2706}.Release|Any CPU.ActiveCfg = Release|Any CPU
		{112EA354-BEDE-4EA2-9F98-5A460B9E2706}.Release|Any CPU.Build.0 = Release|Any CPU
		{112EA354-BEDE-4EA2-9F98-5A460B9E2706}.Release|x64.ActiveCfg = Release|Any CPU
		{112EA354-BEDE-4EA2-9F98-5A460B9E2706}.Release|x64.Build.0 = Release|Any CPU
		{112EA354-BEDE-4EA2-9F98-5A460B9E2706}.Release|x86.ActiveCfg = Release|Any CPU
		{112EA354-BEDE-4EA2-9F98-5A460B9E2706}.Release|x86.Build.0 = Release|Any CPU
		{614EE79C-13DB-4E8E-BF49-C8EFBD836CB0}.Debug|Any CPU.ActiveCfg = Debug|Any CPU
		{614EE79C-13DB-4E8E-BF49-C8EFBD836CB0}.Debug|Any CPU.Build.0 = Debug|Any CPU
		{614EE79C-13DB-4E8E-BF49-C8EFBD836CB0}.Debug|x64.ActiveCfg = Debug|Any CPU
		{614EE79C-13DB-4E8E-BF49-C8EFBD836CB0}.Debug|x64.Build.0 = Debug|Any CPU
		{614EE79C-13DB-4E8E-BF49-C8EFBD836CB0}.Debug|x86.ActiveCfg = Debug|Any CPU
		{614EE79C-13DB-4E8E-BF49-C8EFBD836CB0}.Debug|x86.Build.0 = Debug|Any CPU
		{614EE79C-13DB-4E8E-BF49-C8EFBD836CB0}.Release|Any CPU.ActiveCfg = Release|Any CPU
		{614EE79C-13DB-4E8E-BF49-C8EFBD836CB0}.Release|Any CPU.Build.0 = Release|Any CPU
		{614EE79C-13DB-4E8E-BF49-C8EFBD836CB0}.Release|x64.ActiveCfg = Release|Any CPU
		{614EE79C-13DB-4E8E-BF49-C8EFBD836CB0}.Release|x64.Build.0 = Release|Any CPU
		{614EE79C-13DB-4E8E-BF49-C8EFBD836CB0}.Release|x86.ActiveCfg = Release|Any CPU
		{614EE79C-13DB-4E8E-BF49-C8EFBD836CB0}.Release|x86.Build.0 = Release|Any CPU
		{0F1D6FCB-F813-4E2F-9D6C-DE4BD7866233}.Debug|Any CPU.ActiveCfg = Debug|Any CPU
		{0F1D6FCB-F813-4E2F-9D6C-DE4BD7866233}.Debug|Any CPU.Build.0 = Debug|Any CPU
		{0F1D6FCB-F813-4E2F-9D6C-DE4BD7866233}.Debug|x64.ActiveCfg = Debug|x64
		{0F1D6FCB-F813-4E2F-9D6C-DE4BD7866233}.Debug|x64.Build.0 = Debug|x64
		{0F1D6FCB-F813-4E2F-9D6C-DE4BD7866233}.Debug|x86.ActiveCfg = Debug|Any CPU
		{0F1D6FCB-F813-4E2F-9D6C-DE4BD7866233}.Debug|x86.Build.0 = Debug|Any CPU
		{0F1D6FCB-F813-4E2F-9D6C-DE4BD7866233}.Release|Any CPU.ActiveCfg = Release|Any CPU
		{0F1D6FCB-F813-4E2F-9D6C-DE4BD7866233}.Release|Any CPU.Build.0 = Release|Any CPU
		{0F1D6FCB-F813-4E2F-9D6C-DE4BD7866233}.Release|x64.ActiveCfg = Release|x64
		{0F1D6FCB-F813-4E2F-9D6C-DE4BD7866233}.Release|x64.Build.0 = Release|x64
		{0F1D6FCB-F813-4E2F-9D6C-DE4BD7866233}.Release|x86.ActiveCfg = Release|Any CPU
		{0F1D6FCB-F813-4E2F-9D6C-DE4BD7866233}.Release|x86.Build.0 = Release|Any CPU
		{CA817C90-AFB0-4B29-884C-609C239E1D32}.Debug|Any CPU.ActiveCfg = Debug|Any CPU
		{CA817C90-AFB0-4B29-884C-609C239E1D32}.Debug|Any CPU.Build.0 = Debug|Any CPU
		{CA817C90-AFB0-4B29-884C-609C239E1D32}.Debug|x64.ActiveCfg = Debug|Any CPU
		{CA817C90-AFB0-4B29-884C-609C239E1D32}.Debug|x64.Build.0 = Debug|Any CPU
		{CA817C90-AFB0-4B29-884C-609C239E1D32}.Debug|x86.ActiveCfg = Debug|Any CPU
		{CA817C90-AFB0-4B29-884C-609C239E1D32}.Debug|x86.Build.0 = Debug|Any CPU
		{CA817C90-AFB0-4B29-884C-609C239E1D32}.Release|Any CPU.ActiveCfg = Release|Any CPU
		{CA817C90-AFB0-4B29-884C-609C239E1D32}.Release|Any CPU.Build.0 = Release|Any CPU
		{CA817C90-AFB0-4B29-884C-609C239E1D32}.Release|x64.ActiveCfg = Release|Any CPU
		{CA817C90-AFB0-4B29-884C-609C239E1D32}.Release|x64.Build.0 = Release|Any CPU
		{CA817C90-AFB0-4B29-884C-609C239E1D32}.Release|x86.ActiveCfg = Release|Any CPU
		{CA817C90-AFB0-4B29-884C-609C239E1D32}.Release|x86.Build.0 = Release|Any CPU
		{02AA541D-3A2F-4A6A-B85C-86E2066D9CF6}.Debug|Any CPU.ActiveCfg = Debug|Any CPU
		{02AA541D-3A2F-4A6A-B85C-86E2066D9CF6}.Debug|Any CPU.Build.0 = Debug|Any CPU
		{02AA541D-3A2F-4A6A-B85C-86E2066D9CF6}.Debug|x64.ActiveCfg = Debug|Any CPU
		{02AA541D-3A2F-4A6A-B85C-86E2066D9CF6}.Debug|x64.Build.0 = Debug|Any CPU
		{02AA541D-3A2F-4A6A-B85C-86E2066D9CF6}.Debug|x86.ActiveCfg = Debug|Any CPU
		{02AA541D-3A2F-4A6A-B85C-86E2066D9CF6}.Debug|x86.Build.0 = Debug|Any CPU
		{02AA541D-3A2F-4A6A-B85C-86E2066D9CF6}.Release|Any CPU.ActiveCfg = Release|Any CPU
		{02AA541D-3A2F-4A6A-B85C-86E2066D9CF6}.Release|Any CPU.Build.0 = Release|Any CPU
		{02AA541D-3A2F-4A6A-B85C-86E2066D9CF6}.Release|x64.ActiveCfg = Release|Any CPU
		{02AA541D-3A2F-4A6A-B85C-86E2066D9CF6}.Release|x64.Build.0 = Release|Any CPU
		{02AA541D-3A2F-4A6A-B85C-86E2066D9CF6}.Release|x86.ActiveCfg = Release|Any CPU
		{02AA541D-3A2F-4A6A-B85C-86E2066D9CF6}.Release|x86.Build.0 = Release|Any CPU
		{C3B41330-4DD4-4872-95A5-F562E50B244F}.Debug|Any CPU.ActiveCfg = Debug|Any CPU
		{C3B41330-4DD4-4872-95A5-F562E50B244F}.Debug|Any CPU.Build.0 = Debug|Any CPU
		{C3B41330-4DD4-4872-95A5-F562E50B244F}.Debug|x64.ActiveCfg = Debug|Any CPU
		{C3B41330-4DD4-4872-95A5-F562E50B244F}.Debug|x64.Build.0 = Debug|Any CPU
		{C3B41330-4DD4-4872-95A5-F562E50B244F}.Debug|x86.ActiveCfg = Debug|Any CPU
		{C3B41330-4DD4-4872-95A5-F562E50B244F}.Debug|x86.Build.0 = Debug|Any CPU
		{C3B41330-4DD4-4872-95A5-F562E50B244F}.Release|Any CPU.ActiveCfg = Release|Any CPU
		{C3B41330-4DD4-4872-95A5-F562E50B244F}.Release|Any CPU.Build.0 = Release|Any CPU
		{C3B41330-4DD4-4872-95A5-F562E50B244F}.Release|x64.ActiveCfg = Release|Any CPU
		{C3B41330-4DD4-4872-95A5-F562E50B244F}.Release|x64.Build.0 = Release|Any CPU
		{C3B41330-4DD4-4872-95A5-F562E50B244F}.Release|x86.ActiveCfg = Release|Any CPU
		{C3B41330-4DD4-4872-95A5-F562E50B244F}.Release|x86.Build.0 = Release|Any CPU
		{D15A8917-30F2-4DD2-ABCB-81E04D126B31}.Debug|Any CPU.ActiveCfg = Debug|Any CPU
		{D15A8917-30F2-4DD2-ABCB-81E04D126B31}.Debug|Any CPU.Build.0 = Debug|Any CPU
		{D15A8917-30F2-4DD2-ABCB-81E04D126B31}.Debug|x64.ActiveCfg = Debug|Any CPU
		{D15A8917-30F2-4DD2-ABCB-81E04D126B31}.Debug|x64.Build.0 = Debug|Any CPU
		{D15A8917-30F2-4DD2-ABCB-81E04D126B31}.Debug|x86.ActiveCfg = Debug|Any CPU
		{D15A8917-30F2-4DD2-ABCB-81E04D126B31}.Debug|x86.Build.0 = Debug|Any CPU
		{D15A8917-30F2-4DD2-ABCB-81E04D126B31}.Release|Any CPU.ActiveCfg = Release|Any CPU
		{D15A8917-30F2-4DD2-ABCB-81E04D126B31}.Release|Any CPU.Build.0 = Release|Any CPU
		{D15A8917-30F2-4DD2-ABCB-81E04D126B31}.Release|x64.ActiveCfg = Release|Any CPU
		{D15A8917-30F2-4DD2-ABCB-81E04D126B31}.Release|x64.Build.0 = Release|Any CPU
		{D15A8917-30F2-4DD2-ABCB-81E04D126B31}.Release|x86.ActiveCfg = Release|Any CPU
		{D15A8917-30F2-4DD2-ABCB-81E04D126B31}.Release|x86.Build.0 = Release|Any CPU
		{027C73CB-D409-4892-81CB-BA72ECB3CF49}.Debug|Any CPU.ActiveCfg = Debug|Any CPU
		{027C73CB-D409-4892-81CB-BA72ECB3CF49}.Debug|Any CPU.Build.0 = Debug|Any CPU
		{027C73CB-D409-4892-81CB-BA72ECB3CF49}.Debug|x64.ActiveCfg = Debug|Any CPU
		{027C73CB-D409-4892-81CB-BA72ECB3CF49}.Debug|x64.Build.0 = Debug|Any CPU
		{027C73CB-D409-4892-81CB-BA72ECB3CF49}.Debug|x86.ActiveCfg = Debug|Any CPU
		{027C73CB-D409-4892-81CB-BA72ECB3CF49}.Debug|x86.Build.0 = Debug|Any CPU
		{027C73CB-D409-4892-81CB-BA72ECB3CF49}.Release|Any CPU.ActiveCfg = Release|Any CPU
		{027C73CB-D409-4892-81CB-BA72ECB3CF49}.Release|Any CPU.Build.0 = Release|Any CPU
		{027C73CB-D409-4892-81CB-BA72ECB3CF49}.Release|x64.ActiveCfg = Release|Any CPU
		{027C73CB-D409-4892-81CB-BA72ECB3CF49}.Release|x64.Build.0 = Release|Any CPU
		{027C73CB-D409-4892-81CB-BA72ECB3CF49}.Release|x86.ActiveCfg = Release|Any CPU
		{027C73CB-D409-4892-81CB-BA72ECB3CF49}.Release|x86.Build.0 = Release|Any CPU
		{C6C8CA9B-721F-4B0D-8E42-637BC0AC3DFF}.Debug|Any CPU.ActiveCfg = Debug|Any CPU
		{C6C8CA9B-721F-4B0D-8E42-637BC0AC3DFF}.Debug|Any CPU.Build.0 = Debug|Any CPU
		{C6C8CA9B-721F-4B0D-8E42-637BC0AC3DFF}.Debug|x64.ActiveCfg = Debug|Any CPU
		{C6C8CA9B-721F-4B0D-8E42-637BC0AC3DFF}.Debug|x64.Build.0 = Debug|Any CPU
		{C6C8CA9B-721F-4B0D-8E42-637BC0AC3DFF}.Debug|x86.ActiveCfg = Debug|Any CPU
		{C6C8CA9B-721F-4B0D-8E42-637BC0AC3DFF}.Debug|x86.Build.0 = Debug|Any CPU
		{C6C8CA9B-721F-4B0D-8E42-637BC0AC3DFF}.Release|Any CPU.ActiveCfg = Release|Any CPU
		{C6C8CA9B-721F-4B0D-8E42-637BC0AC3DFF}.Release|Any CPU.Build.0 = Release|Any CPU
		{C6C8CA9B-721F-4B0D-8E42-637BC0AC3DFF}.Release|x64.ActiveCfg = Release|Any CPU
		{C6C8CA9B-721F-4B0D-8E42-637BC0AC3DFF}.Release|x64.Build.0 = Release|Any CPU
		{C6C8CA9B-721F-4B0D-8E42-637BC0AC3DFF}.Release|x86.ActiveCfg = Release|Any CPU
		{C6C8CA9B-721F-4B0D-8E42-637BC0AC3DFF}.Release|x86.Build.0 = Release|Any CPU
		{C0C23C18-5406-4415-8DEF-3D11EB6A5FCE}.Debug|Any CPU.ActiveCfg = Debug|Any CPU
		{C0C23C18-5406-4415-8DEF-3D11EB6A5FCE}.Debug|Any CPU.Build.0 = Debug|Any CPU
		{C0C23C18-5406-4415-8DEF-3D11EB6A5FCE}.Debug|x64.ActiveCfg = Debug|Any CPU
		{C0C23C18-5406-4415-8DEF-3D11EB6A5FCE}.Debug|x64.Build.0 = Debug|Any CPU
		{C0C23C18-5406-4415-8DEF-3D11EB6A5FCE}.Debug|x86.ActiveCfg = Debug|Any CPU
		{C0C23C18-5406-4415-8DEF-3D11EB6A5FCE}.Debug|x86.Build.0 = Debug|Any CPU
		{C0C23C18-5406-4415-8DEF-3D11EB6A5FCE}.Release|Any CPU.ActiveCfg = Release|Any CPU
		{C0C23C18-5406-4415-8DEF-3D11EB6A5FCE}.Release|Any CPU.Build.0 = Release|Any CPU
		{C0C23C18-5406-4415-8DEF-3D11EB6A5FCE}.Release|x64.ActiveCfg = Release|Any CPU
		{C0C23C18-5406-4415-8DEF-3D11EB6A5FCE}.Release|x64.Build.0 = Release|Any CPU
		{C0C23C18-5406-4415-8DEF-3D11EB6A5FCE}.Release|x86.ActiveCfg = Release|Any CPU
		{C0C23C18-5406-4415-8DEF-3D11EB6A5FCE}.Release|x86.Build.0 = Release|Any CPU
		{493CFF19-4364-4E36-9D75-ADC607D10C9A}.Debug|Any CPU.ActiveCfg = Debug|Any CPU
		{493CFF19-4364-4E36-9D75-ADC607D10C9A}.Debug|Any CPU.Build.0 = Debug|Any CPU
		{493CFF19-4364-4E36-9D75-ADC607D10C9A}.Debug|x64.ActiveCfg = Debug|Any CPU
		{493CFF19-4364-4E36-9D75-ADC607D10C9A}.Debug|x64.Build.0 = Debug|Any CPU
		{493CFF19-4364-4E36-9D75-ADC607D10C9A}.Debug|x86.ActiveCfg = Debug|Any CPU
		{493CFF19-4364-4E36-9D75-ADC607D10C9A}.Debug|x86.Build.0 = Debug|Any CPU
		{493CFF19-4364-4E36-9D75-ADC607D10C9A}.Release|Any CPU.ActiveCfg = Release|Any CPU
		{493CFF19-4364-4E36-9D75-ADC607D10C9A}.Release|Any CPU.Build.0 = Release|Any CPU
		{493CFF19-4364-4E36-9D75-ADC607D10C9A}.Release|x64.ActiveCfg = Release|Any CPU
		{493CFF19-4364-4E36-9D75-ADC607D10C9A}.Release|x64.Build.0 = Release|Any CPU
		{493CFF19-4364-4E36-9D75-ADC607D10C9A}.Release|x86.ActiveCfg = Release|Any CPU
		{493CFF19-4364-4E36-9D75-ADC607D10C9A}.Release|x86.Build.0 = Release|Any CPU
		{3E2F17D7-AF13-472D-BDE4-8433B0C86DD7}.Debug|Any CPU.ActiveCfg = Debug|Any CPU
		{3E2F17D7-AF13-472D-BDE4-8433B0C86DD7}.Debug|Any CPU.Build.0 = Debug|Any CPU
		{3E2F17D7-AF13-472D-BDE4-8433B0C86DD7}.Debug|x64.ActiveCfg = Debug|Any CPU
		{3E2F17D7-AF13-472D-BDE4-8433B0C86DD7}.Debug|x64.Build.0 = Debug|Any CPU
		{3E2F17D7-AF13-472D-BDE4-8433B0C86DD7}.Debug|x86.ActiveCfg = Debug|Any CPU
		{3E2F17D7-AF13-472D-BDE4-8433B0C86DD7}.Debug|x86.Build.0 = Debug|Any CPU
		{3E2F17D7-AF13-472D-BDE4-8433B0C86DD7}.Release|Any CPU.ActiveCfg = Release|Any CPU
		{3E2F17D7-AF13-472D-BDE4-8433B0C86DD7}.Release|Any CPU.Build.0 = Release|Any CPU
		{3E2F17D7-AF13-472D-BDE4-8433B0C86DD7}.Release|x64.ActiveCfg = Release|Any CPU
		{3E2F17D7-AF13-472D-BDE4-8433B0C86DD7}.Release|x64.Build.0 = Release|Any CPU
		{3E2F17D7-AF13-472D-BDE4-8433B0C86DD7}.Release|x86.ActiveCfg = Release|Any CPU
		{3E2F17D7-AF13-472D-BDE4-8433B0C86DD7}.Release|x86.Build.0 = Release|Any CPU
		{7A214B7E-A826-4ADB-B14D-3E0B11B38101}.Debug|Any CPU.ActiveCfg = Debug|Any CPU
		{7A214B7E-A826-4ADB-B14D-3E0B11B38101}.Debug|Any CPU.Build.0 = Debug|Any CPU
		{7A214B7E-A826-4ADB-B14D-3E0B11B38101}.Debug|x64.ActiveCfg = Debug|Any CPU
		{7A214B7E-A826-4ADB-B14D-3E0B11B38101}.Debug|x64.Build.0 = Debug|Any CPU
		{7A214B7E-A826-4ADB-B14D-3E0B11B38101}.Debug|x86.ActiveCfg = Debug|Any CPU
		{7A214B7E-A826-4ADB-B14D-3E0B11B38101}.Debug|x86.Build.0 = Debug|Any CPU
		{7A214B7E-A826-4ADB-B14D-3E0B11B38101}.Release|Any CPU.ActiveCfg = Release|Any CPU
		{7A214B7E-A826-4ADB-B14D-3E0B11B38101}.Release|Any CPU.Build.0 = Release|Any CPU
		{7A214B7E-A826-4ADB-B14D-3E0B11B38101}.Release|x64.ActiveCfg = Release|Any CPU
		{7A214B7E-A826-4ADB-B14D-3E0B11B38101}.Release|x64.Build.0 = Release|Any CPU
		{7A214B7E-A826-4ADB-B14D-3E0B11B38101}.Release|x86.ActiveCfg = Release|Any CPU
		{7A214B7E-A826-4ADB-B14D-3E0B11B38101}.Release|x86.Build.0 = Release|Any CPU
		{CEF4839E-4C50-41F5-9799-7B0D62A4502A}.Debug|Any CPU.ActiveCfg = Debug|Any CPU
		{CEF4839E-4C50-41F5-9799-7B0D62A4502A}.Debug|Any CPU.Build.0 = Debug|Any CPU
		{CEF4839E-4C50-41F5-9799-7B0D62A4502A}.Debug|x64.ActiveCfg = Debug|Any CPU
		{CEF4839E-4C50-41F5-9799-7B0D62A4502A}.Debug|x64.Build.0 = Debug|Any CPU
		{CEF4839E-4C50-41F5-9799-7B0D62A4502A}.Debug|x86.ActiveCfg = Debug|Any CPU
		{CEF4839E-4C50-41F5-9799-7B0D62A4502A}.Debug|x86.Build.0 = Debug|Any CPU
		{CEF4839E-4C50-41F5-9799-7B0D62A4502A}.Release|Any CPU.ActiveCfg = Release|Any CPU
		{CEF4839E-4C50-41F5-9799-7B0D62A4502A}.Release|Any CPU.Build.0 = Release|Any CPU
		{CEF4839E-4C50-41F5-9799-7B0D62A4502A}.Release|x64.ActiveCfg = Release|Any CPU
		{CEF4839E-4C50-41F5-9799-7B0D62A4502A}.Release|x64.Build.0 = Release|Any CPU
		{CEF4839E-4C50-41F5-9799-7B0D62A4502A}.Release|x86.ActiveCfg = Release|Any CPU
		{CEF4839E-4C50-41F5-9799-7B0D62A4502A}.Release|x86.Build.0 = Release|Any CPU
		{561ABBE8-E26C-4895-AB77-2DBA3C90E377}.Debug|Any CPU.ActiveCfg = Debug|Any CPU
		{561ABBE8-E26C-4895-AB77-2DBA3C90E377}.Debug|Any CPU.Build.0 = Debug|Any CPU
		{561ABBE8-E26C-4895-AB77-2DBA3C90E377}.Debug|x64.ActiveCfg = Debug|Any CPU
		{561ABBE8-E26C-4895-AB77-2DBA3C90E377}.Debug|x64.Build.0 = Debug|Any CPU
		{561ABBE8-E26C-4895-AB77-2DBA3C90E377}.Debug|x86.ActiveCfg = Debug|Any CPU
		{561ABBE8-E26C-4895-AB77-2DBA3C90E377}.Debug|x86.Build.0 = Debug|Any CPU
		{561ABBE8-E26C-4895-AB77-2DBA3C90E377}.Release|Any CPU.ActiveCfg = Release|Any CPU
		{561ABBE8-E26C-4895-AB77-2DBA3C90E377}.Release|Any CPU.Build.0 = Release|Any CPU
		{561ABBE8-E26C-4895-AB77-2DBA3C90E377}.Release|x64.ActiveCfg = Release|Any CPU
		{561ABBE8-E26C-4895-AB77-2DBA3C90E377}.Release|x64.Build.0 = Release|Any CPU
		{561ABBE8-E26C-4895-AB77-2DBA3C90E377}.Release|x86.ActiveCfg = Release|Any CPU
		{561ABBE8-E26C-4895-AB77-2DBA3C90E377}.Release|x86.Build.0 = Release|Any CPU
	EndGlobalSection
	GlobalSection(SolutionProperties) = preSolution
		HideSolutionNode = FALSE
	EndGlobalSection
EndGlobal
